
Microsoft Visual Studio Solution File, Format Version 12.00
# Visual Studio Version 16
VisualStudioVersion = 16.0.30225.117
MinimumVisualStudioVersion = 10.0.40219.1
Project("{FAE04EC0-301F-11D3-BF4B-00C04F79EFBC}") = "rejestrator", "rejestrator\rejestrator.csproj", "{57ED048E-E5FE-4C0E-B053-58F0BB28B878}"
EndProject
Global
	GlobalSection(SolutionConfigurationPlatforms) = preSolution
		Debug|Any CPU = Debug|Any CPU
		Release|Any CPU = Release|Any CPU
	EndGlobalSection
	GlobalSection(ProjectConfigurationPlatforms) = postSolution
		{57ED048E-E5FE-4C0E-B053-58F0BB28B878}.Debug|Any CPU.ActiveCfg = Debug|Any CPU
		{57ED048E-E5FE-4C0E-B053-58F0BB28B878}.Debug|Any CPU.Build.0 = Debug|Any CPU
		{57ED048E-E5FE-4C0E-B053-58F0BB28B878}.Release|Any CPU.ActiveCfg = Release|Any CPU
		{57ED048E-E5FE-4C0E-B053-58F0BB28B878}.Release|Any CPU.Build.0 = Release|Any CPU
	EndGlobalSection
	GlobalSection(SolutionProperties) = preSolution
		HideSolutionNode = FALSE
	EndGlobalSection
	GlobalSection(ExtensibilityGlobals) = postSolution
		SolutionGuid = {25641844-2FCB-4160-A15E-589D2B89C10F}
	EndGlobalSection
EndGlobal
